Microsoft Visual Studio Solution File, Format Version 12.00
# Visual Studio Version 17
VisualStudioVersion = 17.5.2.0
MinimumVisualStudioVersion = 10.0.40219.1
Project("{2150E333-8FDC-42A3-9474-1A3956D46DE8}") = "backend", "backend", "{1AE8ACA6-933B-BF2A-3671-3E2EAC007D16}"
EndProject
Project("{2150E333-8FDC-42A3-9474-1A3956D46DE8}") = "BrothersStoreProductionBackend", "BrothersStoreProductionBackend", "{89166449-9CFF-D964-DB5C-124B0FD406FE}"
EndProject
Project("{FAE04EC0-301F-11D3-BF4B-00C04F79EFBC}") = "BrothersStoreApi", "backend\BrothersStoreProductionBackend\BrothersStoreApi.csproj", "{9F37648E-248B-FD9B-53E7-79C01DD5680E}"
EndProject
Global
	GlobalSection(SolutionConfigurationPlatforms) = preSolution
		Debug|Any CPU = Debug|Any CPU
		Release|Any CPU = Release|Any CPU
	EndGlobalSection
	GlobalSection(ProjectConfigurationPlatforms) = postSolution
		{9F37648E-248B-FD9B-53E7-79C01DD5680E}.Debug|Any CPU.ActiveCfg = Debug|Any CPU
		{9F37648E-248B-FD9B-53E7-79C01DD5680E}.Debug|Any CPU.Build.0 = Debug|Any CPU
		{9F37648E-248B-FD9B-53E7-79C01DD5680E}.Release|Any CPU.ActiveCfg = Release|Any CPU
		{9F37648E-248B-FD9B-53E7-79C01DD5680E}.Release|Any CPU.Build.0 = Release|Any CPU
	EndGlobalSection
	GlobalSection(SolutionProperties) = preSolution
		HideSolutionNode = FALSE
	EndGlobalSection
	GlobalSection(NestedProjects) = preSolution
		{89166449-9CFF-D964-DB5C-124B0FD406FE} = {1AE8ACA6-933B-BF2A-3671-3E2EAC007D16}
		{9F37648E-248B-FD9B-53E7-79C01DD5680E} = {89166449-9CFF-D964-DB5C-124B0FD406FE}
	EndGlobalSection
	GlobalSection(ExtensibilityGlobals) = postSolution
		SolutionGuid = {86F017F9-B61D-4B40-A2BD-8195DE90A442}
	EndGlobalSection
EndGlobal
